
Microsoft Visual Studio Solution File, Format Version 12.00
# Visual Studio 14
VisualStudioVersion = 14.0.24720.0
MinimumVisualStudioVersion = 10.0.40219.1
Project("{FAE04EC0-301F-11D3-BF4B-00C04F79EFBC}") = "NetPress", "NetPress\NetPress.csproj", "{DA98F947-2F96-478E-8A54-6C9703C8D1B6}"
EndProject
Project("{FAE04EC0-301F-11D3-BF4B-00C04F79EFBC}") = "NetPress.Tests", "NetPress.Tests\NetPress.Tests.csproj", "{D90CA280-83AB-47B3-AA2A-02CB6191B5A7}"
EndProject
Global
	GlobalSection(SolutionConfigurationPlatforms) = preSolution
		Debug|Any CPU = Debug|Any CPU
		Release|Any CPU = Release|Any CPU
	EndGlobalSection
	GlobalSection(ProjectConfigurationPlatforms) = postSolution
		{DA98F947-2F96-478E-8A54-6C9703C8D1B6}.Debug|Any CPU.ActiveCfg = Debug|Any CPU
		{DA98F947-2F96-478E-8A54-6C9703C8D1B6}.Debug|Any CPU.Build.0 = Debug|Any CPU
		{DA98F947-2F96-478E-8A54-6C9703C8D1B6}.Release|Any CPU.ActiveCfg = Release|Any CPU
		{DA98F947-2F96-478E-8A54-6C9703C8D1B6}.Release|Any CPU.Build.0 = Release|Any CPU
		{D90CA280-83AB-47B3-AA2A-02CB6191B5A7}.Debug|Any CPU.ActiveCfg = Debug|Any CPU
		{D90CA280-83AB-47B3-AA2A-02CB6191B5A7}.Debug|Any CPU.Build.0 = Debug|Any CPU
		{D90CA280-83AB-47B3-AA2A-02CB6191B5A7}.Release|Any CPU.ActiveCfg = Release|Any CPU
		{D90CA280-83AB-47B3-AA2A-02CB6191B5A7}.Release|Any CPU.Build.0 = Release|Any CPU
	EndGlobalSection
	GlobalSection(SolutionProperties) = preSolution
		HideSolutionNode = FALSE
	EndGlobalSection
EndGlobal
